{
  "name": "h2o-transformation",
  "version": "0.0.0",
  "lockfileVersion": 1,
  "requires": true,
  "dependencies": {
    "xtal-test": {
      "version": "0.0.57",
      "resolved": "https://registry.npmjs.org/xtal-test/-/xtal-test-0.0.57.tgz",
      "integrity": "sha512-DcU64VhNUsSSuDYsEPFrIOJjsve7Z/tyRa+QLQ6ioEta+ZpnLJGgi6n/WAtz/EXKWAjxfvxtsvkVnqOgGznOAA==",
      "dev": true
    }
  }
}
